// !$*UTF8*$!
{
	archiveVersion = 1;
	classes = {
	};
	objectVersion = 46;
	objects = {

/* Begin PBXBuildFile section */
		3D56FAC11ED44F5F00C77E48 /* main.m in Sources */ = {isa = PBXBuildFile; fileRef = 3D56FAC01ED44F5F00C77E48 /* main.m */; };
		3D56FAC41ED44F5F00C77E48 /* AppDelegate.m in Sources */ = {isa = PBXBuildFile; fileRef = 3D56FAC31ED44F5F00C77E48 /* AppDelegate.m */; };
		3D56FAC71ED44F5F00C77E48 /* ViewController.m in Sources */ = {isa = PBXBuildFile; fileRef = 3D56FAC61ED44F5F00C77E48 /* ViewController.m */; };
		3D56FACA1ED44F5F00C77E48 /* Main.storyboard in Resources */ = {isa = PBXBuildFile; fileRef = 3D56FAC81ED44F5F00C77E48 /* Main.storyboard */; };
		3D56FACC1ED44F5F00C77E48 /* Assets.xcassets in Resources */ = {isa = PBXBuildFile; fileRef = 3D56FACB1ED44F5F00C77E48 /* Assets.xcassets */; };
		3D56FACF1ED44F5F00C77E48 /* LaunchScreen.storyboard in Resources */ = {isa = PBXBuildFile; fileRef = 3D56FACD1ED44F5F00C77E48 /* LaunchScreen.storyboard */; };
		3D56FADC1ED4500D00C77E48 /* Person.m in Sources */ = {isa = PBXBuildFile; fileRef = 3D56FADB1ED4500D00C77E48 /* Person.m */; };
		3D56FAE51ED476FC00C77E48 /* Student.m in Sources */ = {isa = PBXBuildFile; fileRef = 3D56FAE41ED476FC00C77E48 /* Student.m */; };
		3D56FAE81ED477AD00C77E48 /* TestKVOVC.m in Sources */ = {isa = PBXBuildFile; fileRef = 3D56FAE71ED477AD00C77E48 /* TestKVOVC.m */; };
		3D56FAEC1ED47DC000C77E48 /* NSObject+SelfKVO.m in Sources */ = {isa = PBXBuildFile; fileRef = 3D56FAEB1ED47DC000C77E48 /* NSObject+SelfKVO.m */; };
		3D56FAEF1ED481DC00C77E48 /* LWCKVONotifying_Student.m in Sources */ = {isa = PBXBuildFile; fileRef = 3D56FAEE1ED481DC00C77E48 /* LWCKVONotifying_Student.m */; };
		3D56FAF21ED4848C00C77E48 /* TestDefineKVOVC.m in Sources */ = {isa = PBXBuildFile; fileRef = 3D56FAF11ED4848C00C77E48 /* TestDefineKVOVC.m */; };
/* End PBXBuildFile section */

/* Begin PBXFileReference section */
		3D56FABC1ED44F5F00C77E48 /* LWCKVOStudyDemo.app */ = {isa = PBXFileReference; explicitFileType = wrapper.application; includeInIndex = 0; path = LWCKVOStudyDemo.app; sourceTree = BUILT_PRODUCTS_DIR; };
		3D56FAC01ED44F5F00C77E48 /* main.m */ = {isa = PBXFileReference; lastKnownFileType = sourcecode.c.objc; path = main.m; sourceTree = "<group>"; };
		3D56FAC21ED44F5F00C77E48 /* AppDelegate.h */ = {isa = PBXFileReference; lastKnownFileType = sourcecode.c.h; path = AppDelegate.h; sourceTree = "<group>"; };
		3D56FAC31ED44F5F00C77E48 /* AppDelegate.m */ = {isa = PBXFileReference; lastKnownFileType = sourcecode.c.objc; path = AppDelegate.m; sourceTree = "<group>"; };
		3D56FAC51ED44F5F00C77E48 /* ViewController.h */ = {isa = PBXFileReference; lastKnownFileType = sourcecode.c.h; path = ViewController.h; sourceTree = "<group>"; };
		3D56FAC61ED44F5F00C77E48 /* ViewController.m */ = {isa = PBXFileReference; lastKnownFileType = sourcecode.c.objc; path = ViewController.m; sourceTree = "<group>"; };
		3D56FAC91ED44F5F00C77E48 /* Base */ = {isa = PBXFileReference; lastKnownFileType = file.storyboard; name = Base; path = Base.lproj/Main.storyboard; sourceTree = "<group>"; };
		3D56FACB1ED44F5F00C77E48 /* Assets.xcassets */ = {isa = PBXFileReference; lastKnownFileType = folder.assetcatalog; path = Assets.xcassets; sourceTree = "<group>"; };
		3D56FACE1ED44F5F00C77E48 /* Base */ = {isa = PBXFileReference; lastKnownFileType = file.storyboard; name = Base; path = Base.lproj/LaunchScreen.storyboard; sourceTree = "<group>"; };
		3D56FAD01ED44F5F00C77E48 /* Info.plist */ = {isa = PBXFileReference; lastKnownFileType = text.plist.xml; path = Info.plist; sourceTree = "<group>"; };
		3D56FADA1ED4500D00C77E48 /* Person.h */ = {isa = PBXFileReference; fileEncoding = 4; lastKnownFileType = sourcecode.c.h; path = Person.h; sourceTree = "<group>"; };
		3D56FADB1ED4500D00C77E48 /* Person.m */ = {isa = PBXFileReference; fileEncoding = 4; lastKnownFileType = sourcecode.c.objc; path = Person.m; sourceTree = "<group>"; };
		3D56FAE31ED476FC00C77E48 /* Student.h */ = {isa = PBXFileReference; fileEncoding = 4; lastKnownFileType = sourcecode.c.h; path = Student.h; sourceTree = "<group>"; };
		3D56FAE41ED476FC00C77E48 /* Student.m */ = {isa = PBXFileReference; fileEncoding = 4; lastKnownFileType = sourcecode.c.objc; path = Student.m; sourceTree = "<group>"; };
		3D56FAE61ED477AD00C77E48 /* TestKVOVC.h */ = {isa = PBXFileReference; fileEncoding = 4; lastKnownFileType = sourcecode.c.h; path = TestKVOVC.h; sourceTree = "<group>"; };
		3D56FAE71ED477AD00C77E48 /* TestKVOVC.m */ = {isa = PBXFileReference; fileEncoding = 4; lastKnownFileType = sourcecode.c.objc; path = TestKVOVC.m; sourceTree = "<group>"; };
		3D56FAEA1ED47DC000C77E48 /* NSObject+SelfKVO.h */ = {isa = PBXFileReference; fileEncoding = 4; lastKnownFileType = sourcecode.c.h; path = "NSObject+SelfKVO.h"; sourceTree = "<group>"; };
		3D56FAEB1ED47DC000C77E48 /* NSObject+SelfKVO.m */ = {isa = PBXFileReference; fileEncoding = 4; lastKnownFileType = sourcecode.c.objc; path = "NSObject+SelfKVO.m"; sourceTree = "<group>"; };
		3D56FAED1ED481DC00C77E48 /* LWCKVONotifying_Student.h */ = {isa = PBXFileReference; fileEncoding = 4; lastKnownFileType = sourcecode.c.h; path = LWCKVONotifying_Student.h; sourceTree = "<group>"; };
		3D56FAEE1ED481DC00C77E48 /* LWCKVONotifying_Student.m */ = {isa = PBXFileReference; fileEncoding = 4; lastKnownFileType = sourcecode.c.objc; path = LWCKVONotifying_Student.m; sourceTree = "<group>"; };
		3D56FAF01ED4848C00C77E48 /* TestDefineKVOVC.h */ = {isa = PBXFileReference; fileEncoding = 4; lastKnownFileType = sourcecode.c.h; path = TestDefineKVOVC.h; sourceTree = "<group>"; };
		3D56FAF11ED4848C00C77E48 /* TestDefineKVOVC.m */ = {isa = PBXFileReference; fileEncoding = 4; lastKnownFileType = sourcecode.c.objc; path = TestDefineKVOVC.m; sourceTree = "<group>"; };
/* End PBXFileReference section */

/* Begin PBXFrameworksBuildPhase section */
		3D56FAB91ED44F5F00C77E48 /* Frameworks */ = {
			isa = PBXFrameworksBuildPhase;
			buildActionMask = 2147483647;
			files = (
			);
			runOnlyForDeploymentPostprocessing = 0;
		};
/* End PBXFrameworksBuildPhase section */

/* Begin PBXGroup section */
		3D56FAB31ED44F5F00C77E48 = {
			isa = PBXGroup;
			children = (
				3D56FABE1ED44F5F00C77E48 /* LWCKVOStudyDemo */,
				3D56FABD1ED44F5F00C77E48 /* Products */,
			);
			sourceTree = "<group>";
		};
		3D56FABD1ED44F5F00C77E48 /* Products */ = {
			isa = PBXGroup;
			children = (
				3D56FABC1ED44F5F00C77E48 /* LWCKVOStudyDemo.app */,
			);
			name = Products;
			sourceTree = "<group>";
		};
		3D56FABE1ED44F5F00C77E48 /* LWCKVOStudyDemo */ = {
			isa = PBXGroup;
			children = (
				3D56FAE91ED47D9500C77E48 /* category */,
				3D56FAD91ED4500D00C77E48 /* studyFile */,
				3D56FAC21ED44F5F00C77E48 /* AppDelegate.h */,
				3D56FAC31ED44F5F00C77E48 /* AppDelegate.m */,
				3D56FAC51ED44F5F00C77E48 /* ViewController.h */,
				3D56FAC61ED44F5F00C77E48 /* ViewController.m */,
				3D56FAC81ED44F5F00C77E48 /* Main.storyboard */,
				3D56FACB1ED44F5F00C77E48 /* Assets.xcassets */,
				3D56FACD1ED44F5F00C77E48 /* LaunchScreen.storyboard */,
				3D56FAD01ED44F5F00C77E48 /* Info.plist */,
				3D56FABF1ED44F5F00C77E48 /* Supporting Files */,
			);
			path = LWCKVOStudyDemo;
			sourceTree = "<group>";
		};
		3D56FABF1ED44F5F00C77E48 /* Supporting Files */ = {
			isa = PBXGroup;
			children = (
				3D56FAC01ED44F5F00C77E48 /* main.m */,
			);
			name = "Supporting Files";
			sourceTree = "<group>";
		};
		3D56FAD91ED4500D00C77E48 /* studyFile */ = {
			isa = PBXGroup;
			children = (
				3D56FADA1ED4500D00C77E48 /* Person.h */,
				3D56FADB1ED4500D00C77E48 /* Person.m */,
				3D56FAE31ED476FC00C77E48 /* Student.h */,
				3D56FAE41ED476FC00C77E48 /* Student.m */,
				3D56FAE61ED477AD00C77E48 /* TestKVOVC.h */,
				3D56FAE71ED477AD00C77E48 /* TestKVOVC.m */,
				3D56FAF01ED4848C00C77E48 /* TestDefineKVOVC.h */,
				3D56FAF11ED4848C00C77E48 /* TestDefineKVOVC.m */,
			);
			path = studyFile;
			sourceTree = "<group>";
		};
		3D56FAE91ED47D9500C77E48 /* category */ = {
			isa = PBXGroup;
			children = (
				3D56FAEA1ED47DC000C77E48 /* NSObject+SelfKVO.h */,
				3D56FAEB1ED47DC000C77E48 /* NSObject+SelfKVO.m */,
				3D56FAED1ED481DC00C77E48 /* LWCKVONotifying_Student.h */,
				3D56FAEE1ED481DC00C77E48 /* LWCKVONotifying_Student.m */,
			);
			path = category;
			sourceTree = "<group>";
		};
/* End PBXGroup section */

/* Begin PBXNativeTarget section */
		3D56FABB1ED44F5F00C77E48 /* LWCKVOStudyDemo */ = {
			isa = PBXNativeTarget;
			buildConfigurationList = 3D56FAD31ED44F5F00C77E48 /* Build configuration list for PBXNativeTarget "LWCKVOStudyDemo" */;
			buildPhases = (
				3D56FAB81ED44F5F00C77E48 /* Sources */,
				3D56FAB91ED44F5F00C77E48 /* Frameworks */,
				3D56FABA1ED44F5F00C77E48 /* Resources */,
			);
			buildRules = (
			);
			dependencies = (
			);
			name = LWCKVOStudyDemo;
			productName = LWCKVOStudyDemo;
			productReference = 3D56FABC1ED44F5F00C77E48 /* LWCKVOStudyDemo.app */;
			productType = "com.apple.product-type.application";
		};
/* End PBXNativeTarget section */

/* Begin PBXProject section */
		3D56FAB41ED44F5F00C77E48 /* Project object */ = {
			isa = PBXProject;
			attributes = {
				LastUpgradeCheck = 0830;
				ORGANIZATIONNAME = personCompany;
				TargetAttributes = {
					3D56FABB1ED44F5F00C77E48 = {
						CreatedOnToolsVersion = 8.3.2;
						ProvisioningStyle = Automatic;
					};
				};
			};
			buildConfigurationList = 3D56FAB71ED44F5F00C77E48 /* Build configuration list for PBXProject "LWCKVOStudyDemo" */;
			compatibilityVersion = "Xcode 3.2";
			developmentRegion = English;
			hasScannedForEncodings = 0;
			knownRegions = (
				en,
				Base,
			);
			mainGroup = 3D56FAB31ED44F5F00C77E48;
			productRefGroup = 3D56FABD1ED44F5F00C77E48 /* Products */;
			projectDirPath = "";
			projectRoot = "";
			targets = (
				3D56FABB1ED44F5F00C77E48 /* LWCKVOStudyDemo */,
			);
		};
/* End PBXProject section */

/* Begin PBXResourcesBuildPhase section */
		3D56FABA1ED44F5F00C77E48 /* Resources */ = {
			isa = PBXResourcesBuildPhase;
			buildActionMask = 2147483647;
			files = (
				3D56FACF1ED44F5F00C77E48 /* LaunchScreen.storyboard in Resources */,
				3D56FACC1ED44F5F00C77E48 /* Assets.xcassets in Resources */,
				3D56FACA1ED44F5F00C77E48 /* Main.storyboard in Resources */,
			);
			runOnlyForDeploymentPostprocessing = 0;
		};
/* End PBXResourcesBuildPhase section */

/* Begin PBXSourcesBuildPhase section */
		3D56FAB81ED44F5F00C77E48 /* Sources */ = {
			isa = PBXSourcesBuildPhase;
			buildActionMask = 2147483647;
			files = (
				3D56FAC71ED44F5F00C77E48 /* ViewController.m in Sources */,
				3D56FAC41ED44F5F00C77E48 /* AppDelegate.m in Sources */,
				3D56FAE51ED476FC00C77E48 /* Student.m in Sources */,
				3D56FAE81ED477AD00C77E48 /* TestKVOVC.m in Sources */,
				3D56FADC1ED4500D00C77E48 /* Person.m in Sources */,
				3D56FAF21ED4848C00C77E48 /* TestDefineKVOVC.m in Sources */,
				3D56FAEC1ED47DC000C77E48 /* NSObject+SelfKVO.m in Sources */,
				3D56FAC11ED44F5F00C77E48 /* main.m in Sources */,
				3D56FAEF1ED481DC00C77E48 /* LWCKVONotifying_Student.m in Sources */,
			);
			runOnlyForDeploymentPostprocessing = 0;
		};
/* End PBXSourcesBuildPhase section */

/* Begin PBXVariantGroup section */
		3D56FAC81ED44F5F00C77E48 /* Main.storyboard */ = {
			isa = PBXVariantGroup;
			children = (
				3D56FAC91ED44F5F00C77E48 /* Base */,
			);
			name = Main.storyboard;
			sourceTree = "<group>";
		};
		3D56FACD1ED44F5F00C77E48 /* LaunchScreen.storyboard */ = {
			isa = PBXVariantGroup;
			children = (
				3D56FACE1ED44F5F00C77E48 /* Base */,
			);
			name = LaunchScreen.storyboard;
			sourceTree = "<group>";
		};
/* End PBXVariantGroup section */

/* Begin XCBuildConfiguration section */
		3D56FAD11ED44F5F00C77E48 /* Debug */ = {
			isa = XCBuildConfiguration;
			buildSettings = {
				ALWAYS_SEARCH_USER_PATHS = NO;
				CLANG_ANALYZER_NONNULL = YES;
				CLANG_ANALYZER_NUMBER_OBJECT_CONVERSION = YES_AGGRESSIVE;
				CLANG_CXX_LANGUAGE_STANDARD = "gnu++0x";
				CLANG_CXX_LIBRARY = "libc++";
				CLANG_ENABLE_MODULES = YES;
				CLANG_ENABLE_OBJC_ARC = YES;
				CLANG_WARN_BOOL_CONVERSION = YES;
				CLANG_WARN_CONSTANT_CONVERSION = YES;
				CLANG_WARN_DIRECT_OBJC_ISA_USAGE = YES_ERROR;
				CLANG_WARN_DOCUMENTATION_COMMENTS = YES;
				CLANG_WARN_EMPTY_BODY = YES;
				CLANG_WARN_ENUM_CONVERSION = YES;
				CLANG_WARN_INFINITE_RECURSION = YES;
				CLANG_WARN_INT_CONVERSION = YES;
				CLANG_WARN_OBJC_ROOT_CLASS = YES_ERROR;
				CLANG_WARN_SUSPICIOUS_MOVE = YES;
				CLANG_WARN_UNREACHABLE_CODE = YES;
				CLANG_WARN__DUPLICATE_METHOD_MATCH = YES;
				"CODE_SIGN_IDENTITY[sdk=iphoneos*]" = "iPhone Developer";
				COPY_PHASE_STRIP = NO;
				DEBUG_INFORMATION_FORMAT = dwarf;
				ENABLE_STRICT_OBJC_MSGSEND = YES;
				ENABLE_TESTABILITY = YES;
				GCC_C_LANGUAGE_STANDARD = gnu99;
				GCC_DYNAMIC_NO_PIC = NO;
				GCC_NO_COMMON_BLOCKS = YES;
				GCC_OPTIMIZATION_LEVEL = 0;
				GCC_PREPROCESSOR_DEFINITIONS = (
					"DEBUG=1",
					"$(inherited)",
				);
				GCC_WARN_64_TO_32_BIT_CONVERSION = YES;
				GCC_WARN_ABOUT_RETURN_TYPE = YES_ERROR;
				GCC_WARN_UNDECLARED_SELECTOR = YES;
				GCC_WARN_UNINITIALIZED_AUTOS = YES_AGGRESSIVE;
				GCC_WARN_UNUSED_FUNCTION = YES;
				GCC_WARN_UNUSED_VARIABLE = YES;
				IPHONEOS_DEPLOYMENT_TARGET = 10.3;
				MTL_ENABLE_DEBUG_INFO = YES;
				ONLY_ACTIVE_ARCH = YES;
				SDKROOT = iphoneos;
			};
			name = Debug;
		};
		3D56FAD21ED44F5F00C77E48 /* Release */ = {
			isa = XCBuildConfiguration;
			buildSettings = {
				ALWAYS_SEARCH_USER_PATHS = NO;
				CLANG_ANALYZER_NONNULL = YES;
				CLANG_ANALYZER_NUMBER_OBJECT_CONVERSION = YES_AGGRESSIVE;
				CLANG_CXX_LANGUAGE_STANDARD = "gnu++0x";
				CLANG_CXX_LIBRARY = "libc++";
				CLANG_ENABLE_MODULES = YES;
				CLANG_ENABLE_OBJC_ARC = YES;
				CLANG_WARN_BOOL_CONVERSION = YES;
				CLANG_WARN_CONSTANT_CONVERSION = YES;
				CLANG_WARN_DIRECT_OBJC_ISA_USAGE = YES_ERROR;
				CLANG_WARN_DOCUMENTATION_COMMENTS = YES;
				CLANG_WARN_EMPTY_BODY = YES;
				CLANG_WARN_ENUM_CONVERSION = YES;
				CLANG_WARN_INFINITE_RECURSION = YES;
				CLANG_WARN_INT_CONVERSION = YES;
				CLANG_WARN_OBJC_ROOT_CLASS = YES_ERROR;
				CLANG_WARN_SUSPICIOUS_MOVE = YES;
				CLANG_WARN_UNREACHABLE_CODE = YES;
				CLANG_WARN__DUPLICATE_METHOD_MATCH = YES;
				"CODE_SIGN_IDENTITY[sdk=iphoneos*]" = "iPhone Developer";
				COPY_PHASE_STRIP = NO;
				DEBUG_INFORMATION_FORMAT = "dwarf-with-dsym";
				ENABLE_NS_ASSERTIONS = NO;
				ENABLE_STRICT_OBJC_MSGSEND = YES;
				GCC_C_LANGUAGE_STANDARD = gnu99;
				GCC_NO_COMMON_BLOCKS = YES;
				GCC_WARN_64_TO_32_BIT_CONVERSION = YES;
				GCC_WARN_ABOUT_RETURN_TYPE = YES_ERROR;
				GCC_WARN_UNDECLARED_SELECTOR = YES;
				GCC_WARN_UNINITIALIZED_AUTOS = YES_AGGRESSIVE;
				GCC_WARN_UNUSED_FUNCTION = YES;
				GCC_WARN_UNUSED_VARIABLE = YES;
				IPHONEOS_DEPLOYMENT_TARGET = 10.3;
				MTL_ENABLE_DEBUG_INFO = NO;
				SDKROOT = iphoneos;
				VALIDATE_PRODUCT = YES;
			};
			name = Release;
		};
		3D56FAD41ED44F5F00C77E48 /* Debug */ = {
			isa = XCBuildConfiguration;
			buildSettings = {
				ASSETCATALOG_COMPILER_APPICON_NAME = AppIcon;
				INFOPLIST_FILE = LWCKVOStudyDemo/Info.plist;
				LD_RUNPATH_SEARCH_PATHS = "$(inherited) @executable_path/Frameworks";
				PRODUCT_BUNDLE_IDENTIFIER = com.personCompany.LWCKVOStudyDemo;
				PRODUCT_NAME = "$(TARGET_NAME)";
			};
			name = Debug;
		};
		3D56FAD51ED44F5F00C77E48 /* Release */ = {
			isa = XCBuildConfiguration;
			buildSettings = {
				ASSETCATALOG_COMPILER_APPICON_NAME = AppIcon;
				INFOPLIST_FILE = LWCKVOStudyDemo/Info.plist;
				LD_RUNPATH_SEARCH_PATHS = "$(inherited) @executable_path/Frameworks";
				PRODUCT_BUNDLE_IDENTIFIER = com.personCompany.LWCKVOStudyDemo;
				PRODUCT_NAME = "$(TARGET_NAME)";
			};
			name = Release;
		};
/* End XCBuildConfiguration section */

/* Begin XCConfigurationList section */
		3D56FAB71ED44F5F00C77E48 /* Build configuration list for PBXProject "LWCKVOStudyDemo" */ = {
			isa = XCConfigurationList;
			buildConfigurations = (
				3D56FAD11ED44F5F00C77E48 /* Debug */,
				3D56FAD21ED44F5F00C77E48 /* Release */,
			);
			defaultConfigurationIsVisible = 0;
			defaultConfigurationName = Release;
		};
		3D56FAD31ED44F5F00C77E48 /* Build configuration list for PBXNativeTarget "LWCKVOStudyDemo" */ = {
			isa = XCConfigurationList;
			buildConfigurations = (
				3D56FAD41ED44F5F00C77E48 /* Debug */,
				3D56FAD51ED44F5F00C77E48 /* Release */,
			);
			defaultConfigurationIsVisible = 0;
			defaultConfigurationName = Release;
		};
/* End XCConfigurationList section */
	};
	rootObject = 3D56FAB41ED44F5F00C77E48 /* Project object */;
}
